{
  "name": "client",
  "version": "1.0.0",
  "lockfileVersion": 3,
  "requires": true,
  "packages": {
    "": {
      "name": "client",
      "version": "1.0.0",
      "license": "ISC",
      "dependencies": {
        "@reduxjs/toolkit": "^2.5.1",
        "moment": "^2.30.1",
        "react-hot-toast": "^2.5.1",
        "react-icons": "^5.4.0",
        "react-redux": "^9.2.0",
        "react-router-dom": "^7.1.5",
        "socket.io-client": "^4.8.1",
        "web-vitals": "^4.2.4"
      }
    },
    "node_modules/@reduxjs/toolkit": {
      "version": "2.5.1",
      "resolved": "https://registry.npmjs.org/@reduxjs/toolkit/-/toolkit-2.5.1.tgz",
      "integrity": "sha512-UHhy3p0oUpdhnSxyDjaRDYaw8Xra75UiLbCiRozVPHjfDwNYkh0TsVm/1OmTW8Md+iDAJmYPWUKMvsMc2GtpNg==",
      "dependencies": {
        "immer": "^10.0.3",
        "redux": "^5.0.1",
        "redux-thunk": "^3.1.0",
        "reselect": "^5.1.0"
      },
      "peerDependencies": {
        "react": "^16.9.0 || ^17.0.0 || ^18 || ^19",
        "react-redux": "^7.2.1 || ^8.1.3 || ^9.0.0"
      },
      "peerDependenciesMeta": {
        "react": {
          "optional": true
        },
        "react-redux": {
          "optional": true
        }
      }
    },
    "node_modules/@socket.io/component-emitter": {
      "version": "3.1.2",
      "resolved": "https://registry.npmjs.org/@socket.io/component-emitter/-/component-emitter-3.1.2.tgz",
      "integrity": "sha512-9BCxFwvbGg/RsZK9tjXd8s4UcwR0MWeFQ1XEKIQVVvAGJyINdrqKMcTRyLoK8Rse1GjzLV9cwjWV1olXRWEXVA=="
    },
    "node_modules/@types/cookie": {
      "version": "0.6.0",
      "resolved": "https://registry.npmjs.org/@types/cookie/-/cookie-0.6.0.tgz",
      "integrity": "sha512-4Kh9a6B2bQciAhf7FSuMRRkUWecJgJu9nPnx3yzpsfXX/c50REIqpHY4C82bXP90qrLtXtkDxTZosYO3UpOwlA=="
    },
    "node_modules/@types/use-sync-external-store": {
      "version": "0.0.6",
      "resolved": "https://registry.npmjs.org/@types/use-sync-external-store/-/use-sync-external-store-0.0.6.tgz",
      "integrity": "sha512-zFDAD+tlpf2r4asuHEj0XH6pY6i0g5NeAHPn+15wk3BV6JA69eERFXC1gyGThDkVa1zCyKr5jox1+2LbV/AMLg=="
    },
    "node_modules/cookie": {
      "version": "1.0.2",
      "resolved": "https://registry.npmjs.org/cookie/-/cookie-1.0.2.tgz",
      "integrity": "sha512-9Kr/j4O16ISv8zBBhJoi4bXOYNTkFLOqSL3UDB0njXxCXNezjeyVrJyGOWtgfs/q2km1gwBcfH8q1yEGoMYunA==",
      "engines": {
        "node": ">=18"
      }
    },
    "node_modules/csstype": {
      "version": "3.1.3",
      "resolved": "https://registry.npmjs.org/csstype/-/csstype-3.1.3.tgz",
      "integrity": "sha512-M1uQkMl8rQK/szD0LNhtqxIPLpimGm8sOBwU7lLnCpSbTyY3yeU1Vc7l4KT5zT4s/yOxHH5O7tIuuLOCnLADRw=="
    },
    "node_modules/debug": {
      "version": "4.3.7",
      "resolved": "https://registry.npmjs.org/debug/-/debug-4.3.7.tgz",
      "integrity": "sha512-Er2nc/H7RrMXZBFCEim6TCmMk02Z8vLC2Rbi1KEBggpo0fS6l0S1nnapwmIi3yW/+GOJap1Krg4w0Hg80oCqgQ==",
      "dependencies": {
        "ms": "^2.1.3"
      },
      "engines": {
        "node": ">=6.0"
      },
      "peerDependenciesMeta": {
        "supports-color": {
          "optional": true
        }
      }
    },
    "node_modules/engine.io-client": {
      "version": "6.6.3",
      "resolved": "https://registry.npmjs.org/engine.io-client/-/engine.io-client-6.6.3.tgz",
      "integrity": "sha512-T0iLjnyNWahNyv/lcjS2y4oE358tVS/SYQNxYXGAJ9/GLgH4VCvOQ/mhTjqU88mLZCQgiG8RIegFHYCdVC+j5w==",
      "dependencies": {
        "@socket.io/component-emitter": "~3.1.0",
        "debug": "~4.3.1",
        "engine.io-parser": "~5.2.1",
        "ws": "~8.17.1",
        "xmlhttprequest-ssl": "~2.1.1"
      }
    },
    "node_modules/engine.io-parser": {
      "version": "5.2.3",
      "resolved": "https://registry.npmjs.org/engine.io-parser/-/engine.io-parser-5.2.3.tgz",
      "integrity": "sha512-HqD3yTBfnBxIrbnM1DoD6Pcq8NECnh8d4As1Qgh0z5Gg3jRRIqijury0CL3ghu/edArpUYiYqQiDUQBIs4np3Q==",
      "engines": {
        "node": ">=10.0.0"
      }
    },
    "node_modules/goober": {
      "version": "2.1.16",
      "resolved": "https://registry.npmjs.org/goober/-/goober-2.1.16.tgz",
      "integrity": "sha512-erjk19y1U33+XAMe1VTvIONHYoSqE4iS7BYUZfHaqeohLmnC0FdxEh7rQU+6MZ4OajItzjZFSRtVANrQwNq6/g==",
      "peerDependencies": {
        "csstype": "^3.0.10"
      }
    },
    "node_modules/immer": {
      "version": "10.1.1",
      "resolved": "https://registry.npmjs.org/immer/-/immer-10.1.1.tgz",
      "integrity": "sha512-s2MPrmjovJcoMaHtx6K11Ra7oD05NT97w1IC5zpMkT6Atjr7H8LjaDd81iIxUYpMKSRRNMJE703M1Fhr/TctHw==",
      "funding": {
        "type": "opencollective",
        "url": "https://opencollective.com/immer"
      }
    },
    "node_modules/moment": {
      "version": "2.30.1",
      "resolved": "https://registry.npmjs.org/moment/-/moment-2.30.1.tgz",
      "integrity": "sha512-uEmtNhbDOrWPFS+hdjFCBfy9f2YoyzRpwcl+DqpC6taX21FzsTLQVbMV/W7PzNSX6x/bhC1zA3c2UQ5NzH6how==",
      "engines": {
        "node": "*"
      }
    },
    "node_modules/ms": {
      "version": "2.1.3",
      "resolved": "https://registry.npmjs.org/ms/-/ms-2.1.3.tgz",
      "integrity": "sha512-6FlzubTLZG3J2a/NVCAleEhjzq5oxgHyaCU9yYXvcLsvoVaHJq/s5xXI6/XXP6tz7R9xAOtHnSO/tXtF3WRTlA=="
    },
    "node_modules/react": {
      "version": "19.0.0",
      "resolved": "https://registry.npmjs.org/react/-/react-19.0.0.tgz",
      "integrity": "sha512-V8AVnmPIICiWpGfm6GLzCR/W5FXLchHop40W4nXBmdlEceh16rCN8O8LNWm5bh5XUX91fh7KpA+W0TgMKmgTpQ==",
      "peer": true,
      "engines": {
        "node": ">=0.10.0"
      }
    },
    "node_modules/react-dom": {
      "version": "19.0.0",
      "resolved": "https://registry.npmjs.org/react-dom/-/react-dom-19.0.0.tgz",
      "integrity": "sha512-4GV5sHFG0e/0AD4X+ySy6UJd3jVl1iNsNHdpad0qhABJ11twS3TTBnseqsKurKcsNqCEFeGL3uLpVChpIO3QfQ==",
      "peer": true,
      "dependencies": {
        "scheduler": "^0.25.0"
      },
      "peerDependencies": {
        "react": "^19.0.0"
      }
    },
    "node_modules/react-hot-toast": {
      "version": "2.5.1",
      "resolved": "https://registry.npmjs.org/react-hot-toast/-/react-hot-toast-2.5.1.tgz",
      "integrity": "sha512-54Gq1ZD1JbmAb4psp9bvFHjS7lje+8ubboUmvKZkCsQBLH6AOpZ9JemfRvIdHcfb9AZXRaFLrb3qUobGYDJhFQ==",
      "dependencies": {
        "csstype": "^3.1.3",
        "goober": "^2.1.16"
      },
      "engines": {
        "node": ">=10"
      },
      "peerDependencies": {
        "react": ">=16",
        "react-dom": ">=16"
      }
    },
    "node_modules/react-icons": {
      "version": "5.4.0",
      "resolved": "https://registry.npmjs.org/react-icons/-/react-icons-5.4.0.tgz",
      "integrity": "sha512-7eltJxgVt7X64oHh6wSWNwwbKTCtMfK35hcjvJS0yxEAhPM8oUKdS3+kqaW1vicIltw+kR2unHaa12S9pPALoQ==",
      "peerDependencies": {
        "react": "*"
      }
    },
    "node_modules/react-redux": {
      "version": "9.2.0",
      "resolved": "https://registry.npmjs.org/react-redux/-/react-redux-9.2.0.tgz",
      "integrity": "sha512-ROY9fvHhwOD9ySfrF0wmvu//bKCQ6AeZZq1nJNtbDC+kk5DuSuNX/n6YWYF/SYy7bSba4D4FSz8DJeKY/S/r+g==",
      "dependencies": {
        "@types/use-sync-external-store": "^0.0.6",
        "use-sync-external-store": "^1.4.0"
      },
      "peerDependencies": {
        "@types/react": "^18.2.25 || ^19",
        "react": "^18.0 || ^19",
        "redux": "^5.0.0"
      },
      "peerDependenciesMeta": {
        "@types/react": {
          "optional": true
        },
        "redux": {
          "optional": true
        }
      }
    },
    "node_modules/react-router": {
      "version": "7.1.5",
      "resolved": "https://registry.npmjs.org/react-router/-/react-router-7.1.5.tgz",
      "integrity": "sha512-8BUF+hZEU4/z/JD201yK6S+UYhsf58bzYIDq2NS1iGpwxSXDu7F+DeGSkIXMFBuHZB21FSiCzEcUb18cQNdRkA==",
      "dependencies": {
        "@types/cookie": "^0.6.0",
        "cookie": "^1.0.1",
        "set-cookie-parser": "^2.6.0",
        "turbo-stream": "2.4.0"
      },
      "engines": {
        "node": ">=20.0.0"
      },
      "peerDependencies": {
        "react": ">=18",
        "react-dom": ">=18"
      },
      "peerDependenciesMeta": {
        "react-dom": {
          "optional": true
        }
      }
    },
    "node_modules/react-router-dom": {
      "version": "7.1.5",
      "resolved": "https://registry.npmjs.org/react-router-dom/-/react-router-dom-7.1.5.tgz",
      "integrity": "sha512-/4f9+up0Qv92D3bB8iN5P1s3oHAepSGa9h5k6tpTFlixTTskJZwKGhJ6vRJ277tLD1zuaZTt95hyGWV1Z37csQ==",
      "dependencies": {
        "react-router": "7.1.5"
      },
      "engines": {
        "node": ">=20.0.0"
      },
      "peerDependencies": {
        "react": ">=18",
        "react-dom": ">=18"
      }
    },
    "node_modules/redux": {
      "version": "5.0.1",
      "resolved": "https://registry.npmjs.org/redux/-/redux-5.0.1.tgz",
      "integrity": "sha512-M9/ELqF6fy8FwmkpnF0S3YKOqMyoWJ4+CS5Efg2ct3oY9daQvd/Pc71FpGZsVsbl3Cpb+IIcjBDUnnyBdQbq4w=="
    },
    "node_modules/redux-thunk": {
      "version": "3.1.0",
      "resolved": "https://registry.npmjs.org/redux-thunk/-/redux-thunk-3.1.0.tgz",
      "integrity": "sha512-NW2r5T6ksUKXCabzhL9z+h206HQw/NJkcLm1GPImRQ8IzfXwRGqjVhKJGauHirT0DAuyy6hjdnMZaRoAcy0Klw==",
      "peerDependencies": {
        "redux": "^5.0.0"
      }
    },
    "node_modules/reselect": {
      "version": "5.1.1",
      "resolved": "https://registry.npmjs.org/reselect/-/reselect-5.1.1.tgz",
      "integrity": "sha512-K/BG6eIky/SBpzfHZv/dd+9JBFiS4SWV7FIujVyJRux6e45+73RaUHXLmIR1f7WOMaQ0U1km6qwklRQxpJJY0w=="
    },
    "node_modules/scheduler": {
      "version": "0.25.0",
      "resolved": "https://registry.npmjs.org/scheduler/-/scheduler-0.25.0.tgz",
      "integrity": "sha512-xFVuu11jh+xcO7JOAGJNOXld8/TcEHK/4CituBUeUb5hqxJLj9YuemAEuvm9gQ/+pgXYfbQuqAkiYu+u7YEsNA==",
      "peer": true
    },
    "node_modules/set-cookie-parser": {
      "version": "2.7.1",
      "resolved": "https://registry.npmjs.org/set-cookie-parser/-/set-cookie-parser-2.7.1.tgz",
      "integrity": "sha512-IOc8uWeOZgnb3ptbCURJWNjWUPcO3ZnTTdzsurqERrP6nPyv+paC55vJM0LpOlT2ne+Ix+9+CRG1MNLlyZ4GjQ=="
    },
    "node_modules/socket.io-client": {
      "version": "4.8.1",
      "resolved": "https://registry.npmjs.org/socket.io-client/-/socket.io-client-4.8.1.tgz",
      "integrity": "sha512-hJVXfu3E28NmzGk8o1sHhN3om52tRvwYeidbj7xKy2eIIse5IoKX3USlS6Tqt3BHAtflLIkCQBkzVrEEfWUyYQ==",
      "dependencies": {
        "@socket.io/component-emitter": "~3.1.0",
        "debug": "~4.3.2",
        "engine.io-client": "~6.6.1",
        "socket.io-parser": "~4.2.4"
      },
      "engines": {
        "node": ">=10.0.0"
      }
    },
    "node_modules/socket.io-parser": {
      "version": "4.2.4",
      "resolved": "https://registry.npmjs.org/socket.io-parser/-/socket.io-parser-4.2.4.tgz",
      "integrity": "sha512-/GbIKmo8ioc+NIWIhwdecY0ge+qVBSMdgxGygevmdHj24bsfgtCmcUUcQ5ZzcylGFHsN3k4HB4Cgkl96KVnuew==",
      "dependencies": {
        "@socket.io/component-emitter": "~3.1.0",
        "debug": "~4.3.1"
      },
      "engines": {
        "node": ">=10.0.0"
      }
    },
    "node_modules/turbo-stream": {
      "version": "2.4.0",
      "resolved": "https://registry.npmjs.org/turbo-stream/-/turbo-stream-2.4.0.tgz",
      "integrity": "sha512-FHncC10WpBd2eOmGwpmQsWLDoK4cqsA/UT/GqNoaKOQnT8uzhtCbg3EoUDMvqpOSAI0S26mr0rkjzbOO6S3v1g=="
    },
    "node_modules/use-sync-external-store": {
      "version": "1.4.0",
      "resolved": "https://registry.npmjs.org/use-sync-external-store/-/use-sync-external-store-1.4.0.tgz",
      "integrity": "sha512-9WXSPC5fMv61vaupRkCKCxsPxBocVnwakBEkMIHHpkTTg6icbJtg6jzgtLDm4bl3cSHAca52rYWih0k4K3PfHw==",
      "peerDependencies": {
        "react": "^16.8.0 || ^17.0.0 || ^18.0.0 || ^19.0.0"
      }
    },
    "node_modules/web-vitals": {
      "version": "4.2.4",
      "resolved": "https://registry.npmjs.org/web-vitals/-/web-vitals-4.2.4.tgz",
      "integrity": "sha512-r4DIlprAGwJ7YM11VZp4R884m0Vmgr6EAKe3P+kO0PPj3Unqyvv59rczf6UiGcb9Z8QxZVcqKNwv/g0WNdWwsw=="
    },
    "node_modules/ws": {
      "version": "8.17.1",
      "resolved": "https://registry.npmjs.org/ws/-/ws-8.17.1.tgz",
      "integrity": "sha512-6XQFvXTkbfUOZOKKILFG1PDK2NDQs4azKQl26T0YS5CxqWLgXajbPZ+h4gZekJyRqFU8pvnbAbbs/3TgRPy+GQ==",
      "engines": {
        "node": ">=10.0.0"
      },
      "peerDependencies": {
        "bufferutil": "^4.0.1",
        "utf-8-validate": ">=5.0.2"
      },
      "peerDependenciesMeta": {
        "bufferutil": {
          "optional": true
        },
        "utf-8-validate": {
          "optional": true
        }
      }
    },
    "node_modules/xmlhttprequest-ssl": {
      "version": "2.1.2",
      "resolved": "https://registry.npmjs.org/xmlhttprequest-ssl/-/xmlhttprequest-ssl-2.1.2.tgz",
      "integrity": "sha512-TEU+nJVUUnA4CYJFLvK5X9AOeH4KvDvhIfm0vV1GaQRtchnG0hgK5p8hw/xjv8cunWYCsiPCSDzObPyhEwq3KQ==",
      "engines": {
        "node": ">=0.4.0"
      }
    }
  }
}
